
Microsoft Visual Studio Solution File, Format Version 12.00
# Visual Studio 2013
VisualStudioVersion = 12.0.40629.0
MinimumVisualStudioVersion = 10.0.40219.1
Project("{FAE04EC0-301F-11D3-BF4B-00C04F79EFBC}") = "B64Comparer", "B64Comparer\B64Comparer.csproj", "{81485F01-C98D-4C9F-A321-2F6C816800EA}"
EndProject
Project("{FAE04EC0-301F-11D3-BF4B-00C04F79EFBC}") = "B64Comparer.Tests", "B64Comparer.Tests\B64Comparer.Tests.csproj", "{BF1F2A08-9E02-4DA9-AC1E-AEA1B5ADBBF2}"
EndProject
Project("{FAE04EC0-301F-11D3-BF4B-00C04F79EFBC}") = "B64Comparer.Data", "B64Comparer.Data\B64Comparer.Data.csproj", "{05753FBA-338D-457D-9855-1C987312A709}"
EndProject
Project("{FAE04EC0-301F-11D3-BF4B-00C04F79EFBC}") = "B64Comparer.Repository", "B64Comparer.Repository\B64Comparer.Repository.csproj", "{53248E5E-E58A-4E0E-B434-2BEBA1003113}"
EndProject
Project("{FAE04EC0-301F-11D3-BF4B-00C04F79EFBC}") = "B64Comparer.Common", "B64Comparer.Common\B64Comparer.Common.csproj", "{F72E4333-4936-4B4B-9B3F-7FCEE274C05D}"
EndProject
Project("{FAE04EC0-301F-11D3-BF4B-00C04F79EFBC}") = "B64Comparer.Services", "B64Comparer.Services\B64Comparer.Services.csproj", "{89541900-94A6-4BDE-922B-F583F66304F6}"
EndProject
Global
	GlobalSection(SolutionConfigurationPlatforms) = preSolution
		Debug|Any CPU = Debug|Any CPU
		Release|Any CPU = Release|Any CPU
	EndGlobalSection
	GlobalSection(ProjectConfigurationPlatforms) = postSolution
		{81485F01-C98D-4C9F-A321-2F6C816800EA}.Debug|Any CPU.ActiveCfg = Debug|Any CPU
		{81485F01-C98D-4C9F-A321-2F6C816800EA}.Debug|Any CPU.Build.0 = Debug|Any CPU
		{81485F01-C98D-4C9F-A321-2F6C816800EA}.Release|Any CPU.ActiveCfg = Release|Any CPU
		{81485F01-C98D-4C9F-A321-2F6C816800EA}.Release|Any CPU.Build.0 = Release|Any CPU
		{BF1F2A08-9E02-4DA9-AC1E-AEA1B5ADBBF2}.Debug|Any CPU.ActiveCfg = Debug|Any CPU
		{BF1F2A08-9E02-4DA9-AC1E-AEA1B5ADBBF2}.Debug|Any CPU.Build.0 = Debug|Any CPU
		{BF1F2A08-9E02-4DA9-AC1E-AEA1B5ADBBF2}.Release|Any CPU.ActiveCfg = Release|Any CPU
		{BF1F2A08-9E02-4DA9-AC1E-AEA1B5ADBBF2}.Release|Any CPU.Build.0 = Release|Any CPU
		{05753FBA-338D-457D-9855-1C987312A709}.Debug|Any CPU.ActiveCfg = Debug|Any CPU
		{05753FBA-338D-457D-9855-1C987312A709}.Debug|Any CPU.Build.0 = Debug|Any CPU
		{05753FBA-338D-457D-9855-1C987312A709}.Release|Any CPU.ActiveCfg = Release|Any CPU
		{05753FBA-338D-457D-9855-1C987312A709}.Release|Any CPU.Build.0 = Release|Any CPU
		{53248E5E-E58A-4E0E-B434-2BEBA1003113}.Debug|Any CPU.ActiveCfg = Debug|Any CPU
		{53248E5E-E58A-4E0E-B434-2BEBA1003113}.Debug|Any CPU.Build.0 = Debug|Any CPU
		{53248E5E-E58A-4E0E-B434-2BEBA1003113}.Release|Any CPU.ActiveCfg = Release|Any CPU
		{53248E5E-E58A-4E0E-B434-2BEBA1003113}.Release|Any CPU.Build.0 = Release|Any CPU
		{F72E4333-4936-4B4B-9B3F-7FCEE274C05D}.Debug|Any CPU.ActiveCfg = Debug|Any CPU
		{F72E4333-4936-4B4B-9B3F-7FCEE274C05D}.Debug|Any CPU.Build.0 = Debug|Any CPU
		{F72E4333-4936-4B4B-9B3F-7FCEE274C05D}.Release|Any CPU.ActiveCfg = Release|Any CPU
		{F72E4333-4936-4B4B-9B3F-7FCEE274C05D}.Release|Any CPU.Build.0 = Release|Any CPU
		{89541900-94A6-4BDE-922B-F583F66304F6}.Debug|Any CPU.ActiveCfg = Debug|Any CPU
		{89541900-94A6-4BDE-922B-F583F66304F6}.Debug|Any CPU.Build.0 = Debug|Any CPU
		{89541900-94A6-4BDE-922B-F583F66304F6}.Release|Any CPU.ActiveCfg = Release|Any CPU
		{89541900-94A6-4BDE-922B-F583F66304F6}.Release|Any CPU.Build.0 = Release|Any CPU
	EndGlobalSection
	GlobalSection(SolutionProperties) = preSolution
		HideSolutionNode = FALSE
	EndGlobalSection
EndGlobal
